
Microsoft Visual Studio Solution File, Format Version 12.00
# Visual Studio Version 17
VisualStudioVersion = 17.7.34221.43
MinimumVisualStudioVersion = 10.0.40219.1
Project("{FAE04EC0-301F-11D3-BF4B-00C04F79EFBC}") = "StokKontrolSistemi", "StokKontrolSistemi\StokKontrolSistemi.csproj", "{6C80A1A5-ADEE-44CC-9CDB-019BE006296F}"
EndProject
Global
	GlobalSection(SolutionConfigurationPlatforms) = preSolution
		Debug|Any CPU = Debug|Any CPU
		Release|Any CPU = Release|Any CPU
	EndGlobalSection
	GlobalSection(ProjectConfigurationPlatforms) = postSolution
		{6C80A1A5-ADEE-44CC-9CDB-019BE006296F}.Debug|Any CPU.ActiveCfg = Debug|Any CPU
		{6C80A1A5-ADEE-44CC-9CDB-019BE006296F}.Debug|Any CPU.Build.0 = Debug|Any CPU
		{6C80A1A5-ADEE-44CC-9CDB-019BE006296F}.Release|Any CPU.ActiveCfg = Release|Any CPU
		{6C80A1A5-ADEE-44CC-9CDB-019BE006296F}.Release|Any CPU.Build.0 = Release|Any CPU
	EndGlobalSection
	GlobalSection(SolutionProperties) = preSolution
		HideSolutionNode = FALSE
	EndGlobalSection
	GlobalSection(ExtensibilityGlobals) = postSolution
		SolutionGuid = {EDB09740-84D8-4436-B295-42795BBE2999}
	EndGlobalSection
EndGlobal
